{
  "nodes": {
    "nixpkgs": {
      "locked": {
        "lastModified": 1594399629,
        "narHash": "sha256-jHWGjM524cG+fXFwuwtfXwoUbOUFusx8rrmn4j+pEH4=",
        "owner": "NixOS",
        "repo": "nixpkgs",
        "rev": "dd4a6b64f844324da0847142b770512eea8ad678",
        "type": "github"
      },
      "original": {
        "id": "nixpkgs",
        "type": "indirect"
      }
    },
    "root": {
      "inputs": {
        "nixpkgs": "nixpkgs"
      }
    }
  },
  "root": "root",
  "version": 7
}
